
Microsoft Visual Studio Solution File, Format Version 12.00
# Visual Studio Version 16
VisualStudioVersion = 16.0.31515.178
MinimumVisualStudioVersion = 10.0.40219.1
Project("{FAE04EC0-301F-11D3-BF4B-00C04F79EFBC}") = "ConsoleAppTDD", "ConsoleAppTDD\ConsoleAppTDD.csproj", "{0F578F1F-D09E-430E-9D9D-41E4AE65493E}"
EndProject
Project("{FAE04EC0-301F-11D3-BF4B-00C04F79EFBC}") = "TestProjectTDD", "TestProjectTDD\TestProjectTDD.csproj", "{2CE55B5A-77FB-4BD5-A1F5-6F634861AF17}"
EndProject
Global
	GlobalSection(SolutionConfigurationPlatforms) = preSolution
		Debug|Any CPU = Debug|Any CPU
		Release|Any CPU = Release|Any CPU
	EndGlobalSection
	GlobalSection(ProjectConfigurationPlatforms) = postSolution
		{0F578F1F-D09E-430E-9D9D-41E4AE65493E}.Debug|Any CPU.ActiveCfg = Debug|Any CPU
		{0F578F1F-D09E-430E-9D9D-41E4AE65493E}.Debug|Any CPU.Build.0 = Debug|Any CPU
		{0F578F1F-D09E-430E-9D9D-41E4AE65493E}.Release|Any CPU.ActiveCfg = Release|Any CPU
		{0F578F1F-D09E-430E-9D9D-41E4AE65493E}.Release|Any CPU.Build.0 = Release|Any CPU
		{2CE55B5A-77FB-4BD5-A1F5-6F634861AF17}.Debug|Any CPU.ActiveCfg = Debug|Any CPU
		{2CE55B5A-77FB-4BD5-A1F5-6F634861AF17}.Debug|Any CPU.Build.0 = Debug|Any CPU
		{2CE55B5A-77FB-4BD5-A1F5-6F634861AF17}.Release|Any CPU.ActiveCfg = Release|Any CPU
		{2CE55B5A-77FB-4BD5-A1F5-6F634861AF17}.Release|Any CPU.Build.0 = Release|Any CPU
	EndGlobalSection
	GlobalSection(SolutionProperties) = preSolution
		HideSolutionNode = FALSE
	EndGlobalSection
	GlobalSection(ExtensibilityGlobals) = postSolution
		SolutionGuid = {AB242696-7F15-43D2-AD5D-F9D44080DE75}
	EndGlobalSection
EndGlobal
